lockfileVersion: '9.0'

settings:
  autoInstallPeers: true
  excludeLinksFromLockfile: false

importers:

  .:
    dependencies:
      '@fullcalendar/core':
        specifier: ^6.1.17
        version: 6.1.17
      '@fullcalendar/daygrid':
        specifier: ^6.1.17
        version: 6.1.17(@fullcalendar/core@6.1.17)
      '@fullcalendar/interaction':
        specifier: ^6.1.17
        version: 6.1.17(@fullcalendar/core@6.1.17)

packages:

  '@fullcalendar/core@6.1.17':
    resolution: {integrity: sha512-0W7lnIrv18ruJ5zeWBeNZXO8qCWlzxDdp9COFEsZnyNjiEhUVnrW/dPbjRKYpL0edGG0/Lhs0ghp1z/5ekt8ZA==}

  '@fullcalendar/daygrid@6.1.17':
    resolution: {integrity: sha512-K7m+pd7oVJ9fW4h7CLDdDGJbc9szJ1xDU1DZ2ag+7oOo1aCNLv44CehzkkknM6r8EYlOOhgaelxQpKAI4glj7A==}
    peerDependencies:
      '@fullcalendar/core': ~6.1.17

  '@fullcalendar/interaction@6.1.17':
    resolution: {integrity: sha512-AudvQvgmJP2FU89wpSulUUjeWv24SuyCx8FzH2WIPVaYg+vDGGYarI7K6PcM3TH7B/CyaBjm5Rqw9lXgnwt5YA==}
    peerDependencies:
      '@fullcalendar/core': ~6.1.17

  preact@10.12.1:
    resolution: {integrity: sha512-l8386ixSsBdbreOAkqtrwqHwdvR35ID8c3rKPa8lCWuO86dBi32QWHV4vfsZK1utLLFMvw+Z5Ad4XLkZzchscg==}

snapshots:

  '@fullcalendar/core@6.1.17':
    dependencies:
      preact: 10.12.1

  '@fullcalendar/daygrid@6.1.17(@fullcalendar/core@6.1.17)':
    dependencies:
      '@fullcalendar/core': 6.1.17

  '@fullcalendar/interaction@6.1.17(@fullcalendar/core@6.1.17)':
    dependencies:
      '@fullcalendar/core': 6.1.17

  preact@10.12.1: {}
