lockfileVersion: '9.0'

settings:
  autoInstallPeers: true
  excludeLinksFromLockfile: false

importers:

  .:
    dependencies:
      '@fullcalendar/core':
        specifier: ^6.1.15
        version: 6.1.15
      '@fullcalendar/daygrid':
        specifier: ^6.1.15
        version: 6.1.15(@fullcalendar/core@6.1.15)
      '@fullcalendar/interaction':
        specifier: ^6.1.15
        version: 6.1.15(@fullcalendar/core@6.1.15)

packages:

  '@fullcalendar/core@6.1.15':
    resolution: {integrity: sha512-BuX7o6ALpLb84cMw1FCB9/cSgF4JbVO894cjJZ6kP74jzbUZNjtwffwRdA+Id8rrLjT30d/7TrkW90k4zbXB5Q==}

  '@fullcalendar/daygrid@6.1.15':
    resolution: {integrity: sha512-j8tL0HhfiVsdtOCLfzK2J0RtSkiad3BYYemwQKq512cx6btz6ZZ2RNc/hVnIxluuWFyvx5sXZwoeTJsFSFTEFA==}
    peerDependencies:
      '@fullcalendar/core': ~6.1.15

  '@fullcalendar/interaction@6.1.15':
    resolution: {integrity: sha512-DOTSkofizM7QItjgu7W68TvKKvN9PSEEvDJceyMbQDvlXHa7pm/WAVtAc6xSDZ9xmB1QramYoWGLHkCYbTW1rQ==}
    peerDependencies:
      '@fullcalendar/core': ~6.1.15

  preact@10.12.1:
    resolution: {integrity: sha512-l8386ixSsBdbreOAkqtrwqHwdvR35ID8c3rKPa8lCWuO86dBi32QWHV4vfsZK1utLLFMvw+Z5Ad4XLkZzchscg==}

snapshots:

  '@fullcalendar/core@6.1.15':
    dependencies:
      preact: 10.12.1

  '@fullcalendar/daygrid@6.1.15(@fullcalendar/core@6.1.15)':
    dependencies:
      '@fullcalendar/core': 6.1.15

  '@fullcalendar/interaction@6.1.15(@fullcalendar/core@6.1.15)':
    dependencies:
      '@fullcalendar/core': 6.1.15

  preact@10.12.1: {}
